
Microsoft Visual Studio Solution File, Format Version 12.00
Project("{FAE04EC0-301F-11D3-BF4B-00C04F79EFBC}") = "EFCoreGame", "EFCoreGame\EFCoreGame.csproj", "{C6C63228-92A4-457F-8A33-3FFB71C6D736}"
EndProject
Global
	GlobalSection(SolutionConfigurationPlatforms) = preSolution
		Debug|Any CPU = Debug|Any CPU
		Release|Any CPU = Release|Any CPU
	EndGlobalSection
	GlobalSection(ProjectConfigurationPlatforms) = postSolution
		{C6C63228-92A4-457F-8A33-3FFB71C6D736}.Debug|Any CPU.ActiveCfg = Debug|Any CPU
		{C6C63228-92A4-457F-8A33-3FFB71C6D736}.Debug|Any CPU.Build.0 = Debug|Any CPU
		{C6C63228-92A4-457F-8A33-3FFB71C6D736}.Release|Any CPU.ActiveCfg = Release|Any CPU
		{C6C63228-92A4-457F-8A33-3FFB71C6D736}.Release|Any CPU.Build.0 = Release|Any CPU
	EndGlobalSection
EndGlobal
